
Microsoft Visual Studio Solution File, Format Version 12.00
# Visual Studio Version 18
VisualStudioVersion = 18.5.11709.299 stable
MinimumVisualStudioVersion = 10.0.40219.1
Project("{FAE04EC0-301F-11D3-BF4B-00C04F79EFBC}") = "POS_ADBMS", "POS_ADBMS.csproj", "{55CE87A6-A128-4AB6-83ED-C0C33415682A}"
EndProject
Global
	GlobalSection(SolutionConfigurationPlatforms) = preSolution
		Debug|Any CPU = Debug|Any CPU
		Release|Any CPU = Release|Any CPU
	EndGlobalSection
	GlobalSection(ProjectConfigurationPlatforms) = postSolution
		{55CE87A6-A128-4AB6-83ED-C0C33415682A}.Debug|Any CPU.ActiveCfg = Debug|Any CPU
		{55CE87A6-A128-4AB6-83ED-C0C33415682A}.Debug|Any CPU.Build.0 = Debug|Any CPU
		{55CE87A6-A128-4AB6-83ED-C0C33415682A}.Release|Any CPU.ActiveCfg = Release|Any CPU
		{55CE87A6-A128-4AB6-83ED-C0C33415682A}.Release|Any CPU.Build.0 = Release|Any CPU
	EndGlobalSection
	GlobalSection(SolutionProperties) = preSolution
		HideSolutionNode = FALSE
	EndGlobalSection
	GlobalSection(ExtensibilityGlobals) = postSolution
		SolutionGuid = {D058A992-D8D2-4772-99D2-8A5235CFB605}
	EndGlobalSection
EndGlobal
